
Microsoft Visual Studio Solution File, Format Version 12.00
# Visual Studio 15
Project("{FAE04EC0-301F-11D3-BF4B-00C04F79EFBC}") = "AstarPathfindingProject", "AstarPathfindingProject.csproj", "{B00387B6-18DA-B6D1-F425-C70004545A07}"
EndProject
Project("{FAE04EC0-301F-11D3-BF4B-00C04F79EFBC}") = "AstarPathfindingProjectEditor", "AstarPathfindingProjectEditor.csproj", "{49F09080-669B-920A-9066-E86D4C0F58AE}"
EndProject
Project("{FAE04EC0-301F-11D3-BF4B-00C04F79EFBC}") = "Assembly-CSharp", "Assembly-CSharp.csproj", "{68E0C7F7-09DC-731D-6CC2-A9EEB671A282}"
EndProject
Project("{FAE04EC0-301F-11D3-BF4B-00C04F79EFBC}") = "PackageToolsEditor", "PackageToolsEditor.csproj", "{3758946D-0420-FF5A-FE93-61E4D6FC15E8}"
EndProject
Global
	GlobalSection(SolutionConfigurationPlatforms) = preSolution
		Debug|Any CPU = Debug|Any CPU
		Release|Any CPU = Release|Any CPU
	EndGlobalSection
	GlobalSection(ProjectConfigurationPlatforms) = postSolution
		{B00387B6-18DA-B6D1-F425-C70004545A07}.Debug|Any CPU.ActiveCfg = Debug|Any CPU
		{B00387B6-18DA-B6D1-F425-C70004545A07}.Debug|Any CPU.Build.0 = Debug|Any CPU
		{B00387B6-18DA-B6D1-F425-C70004545A07}.Release|Any CPU.ActiveCfg = Release|Any CPU
		{B00387B6-18DA-B6D1-F425-C70004545A07}.Release|Any CPU.Build.0 = Release|Any CPU
		{49F09080-669B-920A-9066-E86D4C0F58AE}.Debug|Any CPU.ActiveCfg = Debug|Any CPU
		{49F09080-669B-920A-9066-E86D4C0F58AE}.Debug|Any CPU.Build.0 = Debug|Any CPU
		{49F09080-669B-920A-9066-E86D4C0F58AE}.Release|Any CPU.ActiveCfg = Release|Any CPU
		{49F09080-669B-920A-9066-E86D4C0F58AE}.Release|Any CPU.Build.0 = Release|Any CPU
		{68E0C7F7-09DC-731D-6CC2-A9EEB671A282}.Debug|Any CPU.ActiveCfg = Debug|Any CPU
		{68E0C7F7-09DC-731D-6CC2-A9EEB671A282}.Debug|Any CPU.Build.0 = Debug|Any CPU
		{68E0C7F7-09DC-731D-6CC2-A9EEB671A282}.Release|Any CPU.ActiveCfg = Release|Any CPU
		{68E0C7F7-09DC-731D-6CC2-A9EEB671A282}.Release|Any CPU.Build.0 = Release|Any CPU
		{3758946D-0420-FF5A-FE93-61E4D6FC15E8}.Debug|Any CPU.ActiveCfg = Debug|Any CPU
		{3758946D-0420-FF5A-FE93-61E4D6FC15E8}.Debug|Any CPU.Build.0 = Debug|Any CPU
		{3758946D-0420-FF5A-FE93-61E4D6FC15E8}.Release|Any CPU.ActiveCfg = Release|Any CPU
		{3758946D-0420-FF5A-FE93-61E4D6FC15E8}.Release|Any CPU.Build.0 = Release|Any CPU
	EndGlobalSection
	GlobalSection(SolutionProperties) = preSolution
		HideSolutionNode = FALSE
	EndGlobalSection
EndGlobal
